<?xml version="1.0" encoding="utf-8"?>
<Project ToolsVersion="4.0" xmlns="http://schemas.microsoft.com/developer/msbuild/2003">
  <ItemGroup>
    <Filter Include="Source Files">
      <UniqueIdentifier>{4FC737F1-C7A5-4376-A066-2A32D752A2FF}</UniqueIdentifier>
      <Extensions>cpp;c;cc;cxx;def;odl;idl;hpj;bat;asm;asmx</Extensions>
    </Filter>
    <Filter Include="Resource Files">
      <UniqueIdentifier>{67DA6AB6-F800-4c08-8B7A-83BB121AAD01}</UniqueIdentifier>
      <Extensions>rc;ico;cur;bmp;dlg;rc2;rct;bin;rgs;gif;jpg;jpeg;jpe;resx;tiff;tif;png;wav;mfcribbon-ms</Extensions>
    </Filter>
    <Filter Include="Source Files\Common">
      <UniqueIdentifier>{c53766e3-646c-4952-b1a7-03fbb87f05a7}</UniqueIdentifier>
    </Filter>
    <Filter Include="Source Files\NormalBlending">
      <UniqueIdentifier>{b8faf7ef-c7c1-45a4-8afc-5a94ad6bc603}</UniqueIdentifier>
    </Filter>
    <Filter Include="Source Files\MultipleTextures">
      <UniqueIdentifier>{32b40733-1229-46b9-a322-bbbba9e0312a}</UniqueIdentifier>
    </Filter>
    <Filter Include="Source Files\Framebuffer">
      <UniqueIdentifier>{52c37f93-70e9-49ef-8bf6-08236b39c186}</UniqueIdentifier>
    </Filter>
  </ItemGroup>
  <ItemGroup>
    <Image Include="PolygonPlanet.png">
      <Filter>Resource Files</Filter>
    </Image>
  </ItemGroup>
  <ItemGroup>
    <None Include="simple.frag">
      <Filter>Resource Files</Filter>
    </None>
    <None Include="simple.vert">
      <Filter>Resource Files</Filter>
    </None>
    <None Include="normal_blend.vert">
      <Filter>Resource Files</Filter>
    </None>
    <None Include="normal_blend.frag">
      <Filter>Resource Files</Filter>
    </None>
    <None Include="multiple_textures.frag">
      <Filter>Resource Files</Filter>
    </None>
    <None Include="multiple_textures.vert">
      <Filter>Resource Files</Filter>
    </None>
    <None Include="packages.config" />
    <None Include="framebuffer.frag">
      <Filter>Resource Files</Filter>
    </None>
  </ItemGroup>
  <ItemGroup>
    <ClCompile Include="NormalBlendingApp.cpp">
      <Filter>Source Files\NormalBlending</Filter>
    </ClCompile>
    <ClCompile Include="Application.cpp">
      <Filter>Source Files\Common</Filter>
    </ClCompile>
    <ClCompile Include="Framebuffer.cpp">
      <Filter>Source Files\Common</Filter>
    </ClCompile>
    <ClCompile Include="main.cpp">
      <Filter>Source Files\Common</Filter>
    </ClCompile>
    <ClCompile Include="Renderable.cpp">
      <Filter>Source Files\Common</Filter>
    </ClCompile>
    <ClCompile Include="SDLWindow.cpp">
      <Filter>Source Files\Common</Filter>
    </ClCompile>
    <ClCompile Include="Shader.cpp">
      <Filter>Source Files\Common</Filter>
    </ClCompile>
    <ClCompile Include="ShaderManager.cpp">
      <Filter>Source Files\Common</Filter>
    </ClCompile>
    <ClCompile Include="Texture.cpp">
      <Filter>Source Files\Common</Filter>
    </ClCompile>
    <ClCompile Include="Rectangle.cpp">
      <Filter>Source Files\Common</Filter>
    </ClCompile>
    <ClCompile Include="TextureForBlending.cpp">
      <Filter>Source Files\NormalBlending</Filter>
    </ClCompile>
    <ClCompile Include="NBDetailRectangle.cpp">
      <Filter>Source Files\NormalBlending</Filter>
    </ClCompile>
    <ClCompile Include="NBRectangle.cpp">
      <Filter>Source Files\NormalBlending</Filter>
    </ClCompile>
    <ClCompile Include="MultipleTexturesApp.cpp">
      <Filter>Source Files\MultipleTextures</Filter>
    </ClCompile>
    <ClCompile Include="FramebufferApp.cpp">
      <Filter>Source Files\Framebuffer</Filter>
    </ClCompile>
  </ItemGroup>
  <ItemGroup>
    <ClInclude Include="NBDetailRectangle.h">
      <Filter>Source Files\NormalBlending</Filter>
    </ClInclude>
    <ClInclude Include="NBRectangle.h">
      <Filter>Source Files\NormalBlending</Filter>
    </ClInclude>
    <ClInclude Include="NormalBlendingApp.h">
      <Filter>Source Files\NormalBlending</Filter>
    </ClInclude>
    <ClInclude Include="TextureForBlending.h">
      <Filter>Source Files\NormalBlending</Filter>
    </ClInclude>
    <ClInclude Include="MultipleTexturesApp.h">
      <Filter>Source Files\MultipleTextures</Filter>
    </ClInclude>
    <ClInclude Include="Application.h">
      <Filter>Source Files\Common</Filter>
    </ClInclude>
    <ClInclude Include="Camera.h">
      <Filter>Source Files\Common</Filter>
    </ClInclude>
    <ClInclude Include="Framebuffer.h">
      <Filter>Source Files\Common</Filter>
    </ClInclude>
    <ClInclude Include="Object.h">
      <Filter>Source Files\Common</Filter>
    </ClInclude>
    <ClInclude Include="Rectangle.h">
      <Filter>Source Files\Common</Filter>
    </ClInclude>
    <ClInclude Include="Renderable.h">
      <Filter>Source Files\Common</Filter>
    </ClInclude>
    <ClInclude Include="SDLWindow.h">
      <Filter>Source Files\Common</Filter>
    </ClInclude>
    <ClInclude Include="Shader.h">
      <Filter>Source Files\Common</Filter>
    </ClInclude>
    <ClInclude Include="ShaderManager.h">
      <Filter>Source Files\Common</Filter>
    </ClInclude>
    <ClInclude Include="Texture.h">
      <Filter>Source Files\Common</Filter>
    </ClInclude>
    <ClInclude Include="FramebufferApp.h">
      <Filter>Source Files\Framebuffer</Filter>
    </ClInclude>
  </ItemGroup>
  <ItemGroup>
    <Page Include="framebuffer.vert">
      <Filter>Resource Files</Filter>
    </Page>
  </ItemGroup>
</Project>